lockfileVersion: '9.0'

settings:
  autoInstallPeers: true
  excludeLinksFromLockfile: false

importers:

  .:
    dependencies:
      '@longform/longform':
        specifier: ^0.0.6
        version: 0.0.6
      '@occultist/occultist':
        specifier: ^0.0.7
        version: 0.0.7(json-ptr@3.1.1)(jsonld@9.0.0)
      '@octiron/octiron':
        specifier: ^0.0.7
        version: 0.0.7(json-ptr@3.1.1)(mithril@2.3.8)(uri-templates@0.2.0)(web-streams-polyfill@3.3.3)
      jsonld:
        specifier: ^9.0.0
        version: 9.0.0

packages:

  '@digitalbazaar/http-client@3.4.1':
    resolution: {integrity: sha512-Ahk1N+s7urkgj7WvvUND5f8GiWEPfUw0D41hdElaqLgu8wZScI8gdI0q+qWw5N1d35x7GCRH2uk9mi+Uzo9M3g==}
    engines: {node: '>=14.0'}

  '@digitalbazaar/http-client@4.2.0':
    resolution: {integrity: sha512-OGju/GYp0V72qlZ/Pd4jGEwqBwT/Za/tw+Z3AC7lgMheGqsbhTZrtc5iLz9z59G/Q53QyE2fnjHV8N9wjBpiWA==}
    engines: {node: '>=18.0'}

  '@fastify/busboy@2.1.1':
    resolution: {integrity: sha512-vBZP4NlzfOlerQTnba4aqZoMhE/a9HY7HRqoOPaETQcSQuWEIyZMHGfVu6w9wGtGK5fED5qRs2DteVCjOH60sA==}
    engines: {node: '>=14'}

  '@longform/longform@0.0.5':
    resolution: {integrity: sha512-ypKVN10gM61dEI0NUPMTJm5n8m7VbfZItSzDk70D98T97qaLYJjsx0ceL9zp+nssu1gwSTjr5EyTVEg2u4r7Hg==}

  '@longform/longform@0.0.6':
    resolution: {integrity: sha512-f/bBuiabtGazSfX1gYcu3eKNLggWoF/daZh6pWNvrHWRHmXo4s9/vAqlCBUUYqcbrfnziXg+BC5v0vG9JlVXeA==}

  '@occultist/occultist@0.0.7':
    resolution: {integrity: sha512-8xVqikq8TgVXwM2cpZfTEnwXkBUq/yPD1qmCVWURGaib0TUsg5vdgCIWSYxC1r0ttbn0w+Yaii5QvwX3Qgb9+w==}
    peerDependencies:
      json-ptr: ^3.1.1
      jsonld: ^9.0.0

  '@octiron/octiron@0.0.7':
    resolution: {integrity: sha512-vuOKK1qgIuoKIzVb7zGl+X2o9r75Y6e9HaaAZnO6iPnT04Qu2svyli3BEDhPp9sEQ9W/QEiLSCDBF8VaVf0htQ==}
    peerDependencies:
      json-ptr: ^3.1.1
      mithril: ^2.3.2
      uri-templates: ^0.2.0

  abort-controller@3.0.0:
    resolution: {integrity: sha512-h8lQ8tacZYnR3vNQTgibj+tODHI5/+l06Au2Pcriv/Gmet0eaj4TwWH41sO9wnHDiQsEj19q0drzdWdeAHtweg==}
    engines: {node: '>=6.5'}

  canonicalize@1.0.8:
    resolution: {integrity: sha512-0CNTVCLZggSh7bc5VkX5WWPWO+cyZbNd07IHIsSXLia/eAq+r836hgk+8BKoEh7949Mda87VUOitx5OddVj64A==}

  canonicalize@2.1.0:
    resolution: {integrity: sha512-F705O3xrsUtgt98j7leetNhTWPe+5S72rlL5O4jA1pKqBVQ/dT1O1D6PFxmSXvc0SUOinWS57DKx0I3CHrXJHQ==}
    hasBin: true

  data-uri-to-buffer@4.0.1:
    resolution: {integrity: sha512-0R9ikRb668HB7QDxT1vkpuUBtqc53YyAwMwGeUFKRojY/NWKvdZ+9UYtRfGmhqNbRkTSVpMbmyhXipFFv2cb/A==}
    engines: {node: '>= 12'}

  event-target-shim@5.0.1:
    resolution: {integrity: sha512-i/2XbnSz/uxRCU6+NdVJgKWDTM427+MqYbkQzD321DuCQJUqOuJKIA0IM2+W2xtYHdKOmZ4dR6fExsd4SXL+WQ==}
    engines: {node: '>=6'}

  fetch-blob@3.2.0:
    resolution: {integrity: sha512-7yAQpD2UMJzLi1Dqv7qFYnPbaPx7ZfFK6PiIxQ4PfkGPyNyl2Ugx+a/umUonmKqjhM4DnfbMvdX6otXq83soQQ==}
    engines: {node: ^12.20 || >= 14.13}

  formdata-polyfill@4.0.10:
    resolution: {integrity: sha512-buewHzMvYL29jdeQTVILecSaZKnt/RJWjoZCF5OW60Z67/GmSLBkOFM7qh1PI3zFNtJbaZL5eQu1vLfazOwj4g==}
    engines: {node: '>=12.20.0'}

  json-ptr@3.1.1:
    resolution: {integrity: sha512-SiSJQ805W1sDUCD1+/t1/1BIrveq2Fe9HJqENxZmMCILmrPI7WhS/pePpIOx85v6/H2z1Vy7AI08GV2TzfXocg==}

  jsonld@8.3.3:
    resolution: {integrity: sha512-9YcilrF+dLfg9NTEof/mJLMtbdX1RJ8dbWtJgE00cMOIohb1lIyJl710vFiTaiHTl6ZYODJuBd32xFvUhmv3kg==}
    engines: {node: '>=14'}

  jsonld@9.0.0:
    resolution: {integrity: sha512-pjMIdkXfC1T2wrX9B9i2uXhGdyCmgec3qgMht+TDj+S0qX3bjWMQUfL7NeqEhuRTi8G5ESzmL9uGlST7nzSEWg==}
    engines: {node: '>=18'}

  ky-universal@0.11.0:
    resolution: {integrity: sha512-65KyweaWvk+uKKkCrfAf+xqN2/epw1IJDtlyCPxYffFCMR8u1sp2U65NtWpnozYfZxQ6IUzIlvUcw+hQ82U2Xw==}
    engines: {node: '>=14.16'}
    peerDependencies:
      ky: '>=0.31.4'
      web-streams-polyfill: '>=3.2.1'
    peerDependenciesMeta:
      web-streams-polyfill:
        optional: true

  ky@0.33.3:
    resolution: {integrity: sha512-CasD9OCEQSFIam2U8efFK81Yeg8vNMTBUqtMOHlrcWQHqUX3HeCl9Dr31u4toV7emlH8Mymk5+9p0lL6mKb/Xw==}
    engines: {node: '>=14.16'}

  ky@1.14.1:
    resolution: {integrity: sha512-hYje4L9JCmpEQBtudo+v52X5X8tgWXUYyPcxKSuxQNboqufecl9VMWjGiucAFH060AwPXHZuH+WB2rrqfkmafw==}
    engines: {node: '>=18'}

  lru-cache@6.0.0:
    resolution: {integrity: sha512-Jo6dJ04CmSjuznwJSS3pUeWmd/H0ffTlkXXgwZi+eq1UCmqQwCh+eLsYOYCwY991i2Fah4h1BEMCx4qThGbsiA==}
    engines: {node: '>=10'}

  mithril@2.3.8:
    resolution: {integrity: sha512-za/Yo7qXEckjm5syrSfaaI9Utf4tCUT3T1IOIYqH6Lrj7G0OZuYYLAY9SV4ygoaAf0+CNqU92MBt+7pmo53JVQ==}

  node-domexception@1.0.0:
    resolution: {integrity: sha512-/jKZoMpw0F8GRwl4/eLROPA3cfcXtLApP0QzLmUT/HuPCZWyB7IY9ZrMeKw2O/nFIqPQB3PVM9aYm0F312AXDQ==}
    engines: {node: '>=10.5.0'}
    deprecated: Use your platform's native DOMException instead

  node-fetch@3.3.2:
    resolution: {integrity: sha512-dRB78srN/l6gqWulah9SrxeYnxeddIG30+GOqK/9OlLVyLg3HPnr6SqOWTWOXKRwC2eGYCkZ59NNuSgvSrpgOA==}
    engines: {node: ^12.20.0 || ^14.13.1 || >=16.0.0}

  rdf-canonize@3.4.0:
    resolution: {integrity: sha512-fUeWjrkOO0t1rg7B2fdyDTvngj+9RlUyL92vOdiB7c0FPguWVsniIMjEtHH+meLBO9rzkUlUzBVXgWrjI8P9LA==}
    engines: {node: '>=12'}

  rdf-canonize@5.0.0:
    resolution: {integrity: sha512-g8OUrgMXAR9ys/ZuJVfBr05sPPoMA7nHIVs8VEvg9QwM5W4GR2qSFEEHjsyHF1eWlBaf8Ev40WNjQFQ+nJTO3w==}
    engines: {node: '>=18'}

  setimmediate@1.0.5:
    resolution: {integrity: sha512-MATJdZp8sLqDl/68LfQmbP8zKPLQNV6BIZoIgrscFDQ+RsvK/BxeDQOgyxKKoh0y/8h3BqVFnCqQ/gd+reiIXA==}

  undici@5.29.0:
    resolution: {integrity: sha512-raqeBD6NQK4SkWhQzeYKd1KmIG6dllBOTt55Rmkt4HtI9mwdWtJljnrXjAFUBLTSN67HWrOIZ3EPF4kjUw80Bg==}
    engines: {node: '>=14.0'}

  undici@6.22.0:
    resolution: {integrity: sha512-hU/10obOIu62MGYjdskASR3CUAiYaFTtC9Pa6vHyf//mAipSvSQg6od2CnJswq7fvzNS3zJhxoRkgNVaHurWKw==}
    engines: {node: '>=18.17'}

  uri-templates@0.2.0:
    resolution: {integrity: sha512-EWkjYEN0L6KOfEoOH6Wj4ghQqU7eBZMJqRHQnxQAq+dSEzRPClkWjf8557HkWQXF6BrAUoLSAyy9i3RVTliaNg==}

  web-streams-polyfill@3.3.3:
    resolution: {integrity: sha512-d2JWLCivmZYTSIoge9MsgFCZrt571BikcWGYkjC1khllbTeDlGqZ2D8vD8E/lJa8WGWbb7Plm8/XJYV7IJHZZw==}
    engines: {node: '>= 8'}

  yallist@4.0.0:
    resolution: {integrity: sha512-3wdGidZyq5PB084XLES5TpOSRA3wjXAlIWMhum2kRcv/41Sn2emQ0dycQW4uZXLejwKvg6EsvbdlVL+FYEct7A==}

snapshots:

  '@digitalbazaar/http-client@3.4.1(web-streams-polyfill@3.3.3)':
    dependencies:
      ky: 0.33.3
      ky-universal: 0.11.0(ky@0.33.3)(web-streams-polyfill@3.3.3)
      undici: 5.29.0
    transitivePeerDependencies:
      - web-streams-polyfill
    optional: true

  '@digitalbazaar/http-client@4.2.0':
    dependencies:
      ky: 1.14.1
      undici: 6.22.0

  '@fastify/busboy@2.1.1':
    optional: true

  '@longform/longform@0.0.5':
    optional: true

  '@longform/longform@0.0.6': {}

  '@occultist/occultist@0.0.7(json-ptr@3.1.1)(jsonld@9.0.0)':
    dependencies:
      json-ptr: 3.1.1
      jsonld: 9.0.0

  '@octiron/octiron@0.0.7(json-ptr@3.1.1)(mithril@2.3.8)(uri-templates@0.2.0)(web-streams-polyfill@3.3.3)':
    dependencies:
      json-ptr: 3.1.1
      mithril: 2.3.8
      uri-templates: 0.2.0
    optionalDependencies:
      '@longform/longform': 0.0.5
      jsonld: 8.3.3(web-streams-polyfill@3.3.3)
    transitivePeerDependencies:
      - web-streams-polyfill

  abort-controller@3.0.0:
    dependencies:
      event-target-shim: 5.0.1
    optional: true

  canonicalize@1.0.8:
    optional: true

  canonicalize@2.1.0: {}

  data-uri-to-buffer@4.0.1:
    optional: true

  event-target-shim@5.0.1:
    optional: true

  fetch-blob@3.2.0:
    dependencies:
      node-domexception: 1.0.0
      web-streams-polyfill: 3.3.3
    optional: true

  formdata-polyfill@4.0.10:
    dependencies:
      fetch-blob: 3.2.0
    optional: true

  json-ptr@3.1.1: {}

  jsonld@8.3.3(web-streams-polyfill@3.3.3):
    dependencies:
      '@digitalbazaar/http-client': 3.4.1(web-streams-polyfill@3.3.3)
      canonicalize: 1.0.8
      lru-cache: 6.0.0
      rdf-canonize: 3.4.0
    transitivePeerDependencies:
      - web-streams-polyfill
    optional: true

  jsonld@9.0.0:
    dependencies:
      '@digitalbazaar/http-client': 4.2.0
      canonicalize: 2.1.0
      lru-cache: 6.0.0
      rdf-canonize: 5.0.0

  ky-universal@0.11.0(ky@0.33.3)(web-streams-polyfill@3.3.3):
    dependencies:
      abort-controller: 3.0.0
      ky: 0.33.3
      node-fetch: 3.3.2
    optionalDependencies:
      web-streams-polyfill: 3.3.3
    optional: true

  ky@0.33.3:
    optional: true

  ky@1.14.1: {}

  lru-cache@6.0.0:
    dependencies:
      yallist: 4.0.0

  mithril@2.3.8: {}

  node-domexception@1.0.0:
    optional: true

  node-fetch@3.3.2:
    dependencies:
      data-uri-to-buffer: 4.0.1
      fetch-blob: 3.2.0
      formdata-polyfill: 4.0.10
    optional: true

  rdf-canonize@3.4.0:
    dependencies:
      setimmediate: 1.0.5
    optional: true

  rdf-canonize@5.0.0:
    dependencies:
      setimmediate: 1.0.5

  setimmediate@1.0.5: {}

  undici@5.29.0:
    dependencies:
      '@fastify/busboy': 2.1.1
    optional: true

  undici@6.22.0: {}

  uri-templates@0.2.0: {}

  web-streams-polyfill@3.3.3:
    optional: true

  yallist@4.0.0: {}
